lockfileVersion: 5.4

specifiers:
  '@vitejs/plugin-vue': ^2.3.3
  typescript: ^4.5.4
  vite: ^2.9.9
  vue: ^3.2.25
  vue-tsc: ^0.34.7

dependencies:
  vue: registry.npmmirror.com/vue/3.2.37

devDependencies:
  '@vitejs/plugin-vue': registry.npmmirror.com/@vitejs/plugin-vue/2.3.3_vite@2.9.11+vue@3.2.37
  typescript: registry.npmmirror.com/typescript/4.7.3
  vite: registry.npmmirror.com/vite/2.9.11
  vue-tsc: registry.npmmirror.com/vue-tsc/0.34.17_typescript@4.7.3

packages:

  registry.npmmirror.com/@babel/parser/7.18.4:
    resolution: {integrity: sha512-FDge0dFazETFcxGw/EXzOkN8uJp0PC7Qbm+Pe9T+av2zlBpOgunFHkQPPn+eRuClU73JF+98D531UgayY89tow==, registry: http://registry.npm.taobao.org/, tarball: https://registry.npmmirror.com/@babel/parser/-/parser-7.18.4.tgz}
    name: '@babel/parser'
    version: 7.18.4
    engines: {node: '>=6.0.0'}
    hasBin: true

  registry.npmmirror.com/@vitejs/plugin-vue/2.3.3_vite@2.9.11+vue@3.2.37:
    resolution: {integrity: sha512-SmQLDyhz+6lGJhPELsBdzXGc+AcaT8stgkbiTFGpXPe8Tl1tJaBw1A6pxDqDuRsVkD8uscrkx3hA7QDOoKYtyw==, registry: http://registry.npm.taobao.org/, tarball: https://registry.npmmirror.com/@vitejs/plugin-vue/-/plugin-vue-2.3.3.tgz}
    id: registry.npmmirror.com/@vitejs/plugin-vue/2.3.3
    name: '@vitejs/plugin-vue'
    version: 2.3.3
    engines: {node: '>=12.0.0'}
    peerDependencies:
      vite: ^2.5.10
      vue: ^3.2.25
    dependencies:
      vite: registry.npmmirror.com/vite/2.9.11
      vue: registry.npmmirror.com/vue/3.2.37
    dev: true

  registry.npmmirror.com/@volar/code-gen/0.34.17:
    resolution: {integrity: sha512-rHR7BA71BJ/4S7xUOPMPiB7uk6iU9oTWpEMZxFi5VGC9iJmDncE82WzU5iYpcbOBCVHsOjMh0+5CGMgdO6SaPA==, registry: http://registry.npm.taobao.org/, tarball: https://registry.npmmirror.com/@volar/code-gen/-/code-gen-0.34.17.tgz}
    name: '@volar/code-gen'
    version: 0.34.17
    dependencies:
      '@volar/source-map': registry.npmmirror.com/@volar/source-map/0.34.17
    dev: true

  registry.npmmirror.com/@volar/source-map/0.34.17:
    resolution: {integrity: sha512-3yn1IMXJGGWB/G817/VFlFMi8oh5pmE7VzUqvgMZMrppaZpKj6/juvJIEiXNxRsgWc0RxIO8OSp4htdPUg1Raw==, registry: http://registry.npm.taobao.org/, tarball: https://registry.npmmirror.com/@volar/source-map/-/source-map-0.34.17.tgz}
    name: '@volar/source-map'
    version: 0.34.17
    dev: true

  registry.npmmirror.com/@volar/vue-code-gen/0.34.17:
    resolution: {integrity: sha512-17pzcK29fyFWUc+C82J3JYSnA+jy3QNrIldb9kPaP9Itbik05ZjEIyEue9FjhgIAuHeYSn4LDM5s6nGjxyfhsQ==, registry: http://registry.npm.taobao.org/, tarball: https://registry.npmmirror.com/@volar/vue-code-gen/-/vue-code-gen-0.34.17.tgz}
    name: '@volar/vue-code-gen'
    version: 0.34.17
    dependencies:
      '@volar/code-gen': registry.npmmirror.com/@volar/code-gen/0.34.17
      '@volar/source-map': registry.npmmirror.com/@volar/source-map/0.34.17
      '@vue/compiler-core': registry.npmmirror.com/@vue/compiler-core/3.2.37
      '@vue/compiler-dom': registry.npmmirror.com/@vue/compiler-dom/3.2.37
      '@vue/shared': registry.npmmirror.com/@vue/shared/3.2.37
    dev: true

  registry.npmmirror.com/@volar/vue-typescript/0.34.17:
    resolution: {integrity: sha512-U0YSVIBPRWVPmgJHNa4nrfq88+oS+tmyZNxmnfajIw9A/GOGZQiKXHC0k09SVvbYXlsjgJ6NIjhm9NuAhGRQjg==, registry: http://registry.npm.taobao.org/, tarball: https://registry.npmmirror.com/@volar/vue-typescript/-/vue-typescript-0.34.17.tgz}
    name: '@volar/vue-typescript'
    version: 0.34.17
    dependencies:
      '@volar/code-gen': registry.npmmirror.com/@volar/code-gen/0.34.17
      '@volar/source-map': registry.npmmirror.com/@volar/source-map/0.34.17
      '@volar/vue-code-gen': registry.npmmirror.com/@volar/vue-code-gen/0.34.17
      '@vue/compiler-sfc': registry.npmmirror.com/@vue/compiler-sfc/3.2.37
      '@vue/reactivity': registry.npmmirror.com/@vue/reactivity/3.2.37
    dev: true

  registry.npmmirror.com/@vue/compiler-core/3.2.37:
    resolution: {integrity: sha512-81KhEjo7YAOh0vQJoSmAD68wLfYqJvoiD4ulyedzF+OEk/bk6/hx3fTNVfuzugIIaTrOx4PGx6pAiBRe5e9Zmg==, registry: http://registry.npm.taobao.org/, tarball: https://registry.npmmirror.com/@vue/compiler-core/-/compiler-core-3.2.37.tgz}
    name: '@vue/compiler-core'
    version: 3.2.37
    dependencies:
      '@babel/parser': registry.npmmirror.com/@babel/parser/7.18.4
      '@vue/shared': registry.npmmirror.com/@vue/shared/3.2.37
      estree-walker: registry.npmmirror.com/estree-walker/2.0.2
      source-map: registry.npmmirror.com/source-map/0.6.1

  registry.npmmirror.com/@vue/compiler-dom/3.2.37:
    resolution: {integrity: sha512-yxJLH167fucHKxaqXpYk7x8z7mMEnXOw3G2q62FTkmsvNxu4FQSu5+3UMb+L7fjKa26DEzhrmCxAgFLLIzVfqQ==, registry: http://registry.npm.taobao.org/, tarball: https://registry.npmmirror.com/@vue/compiler-dom/-/compiler-dom-3.2.37.tgz}
    name: '@vue/compiler-dom'
    version: 3.2.37
    dependencies:
      '@vue/compiler-core': registry.npmmirror.com/@vue/compiler-core/3.2.37
      '@vue/shared': registry.npmmirror.com/@vue/shared/3.2.37

  registry.npmmirror.com/@vue/compiler-sfc/3.2.37:
    resolution: {integrity: sha512-+7i/2+9LYlpqDv+KTtWhOZH+pa8/HnX/905MdVmAcI/mPQOBwkHHIzrsEsucyOIZQYMkXUiTkmZq5am/NyXKkg==, registry: http://registry.npm.taobao.org/, tarball: https://registry.npmmirror.com/@vue/compiler-sfc/-/compiler-sfc-3.2.37.tgz}
    name: '@vue/compiler-sfc'
    version: 3.2.37
    dependencies:
      '@babel/parser': registry.npmmirror.com/@babel/parser/7.18.4
      '@vue/compiler-core': registry.npmmirror.com/@vue/compiler-core/3.2.37
      '@vue/compiler-dom': registry.npmmirror.com/@vue/compiler-dom/3.2.37
      '@vue/compiler-ssr': registry.npmmirror.com/@vue/compiler-ssr/3.2.37
      '@vue/reactivity-transform': registry.npmmirror.com/@vue/reactivity-transform/3.2.37
      '@vue/shared': registry.npmmirror.com/@vue/shared/3.2.37
      estree-walker: registry.npmmirror.com/estree-walker/2.0.2
      magic-string: registry.npmmirror.com/magic-string/0.25.9
      postcss: registry.npmmirror.com/postcss/8.4.14
      source-map: registry.npmmirror.com/source-map/0.6.1

  registry.npmmirror.com/@vue/compiler-ssr/3.2.37:
    resolution: {integrity: sha512-7mQJD7HdXxQjktmsWp/J67lThEIcxLemz1Vb5I6rYJHR5vI+lON3nPGOH3ubmbvYGt8xEUaAr1j7/tIFWiEOqw==, registry: http://registry.npm.taobao.org/, tarball: https://registry.npmmirror.com/@vue/compiler-ssr/-/compiler-ssr-3.2.37.tgz}
    name: '@vue/compiler-ssr'
    version: 3.2.37
    dependencies:
      '@vue/compiler-dom': registry.npmmirror.com/@vue/compiler-dom/3.2.37
      '@vue/shared': registry.npmmirror.com/@vue/shared/3.2.37

  registry.npmmirror.com/@vue/reactivity-transform/3.2.37:
    resolution: {integrity: sha512-IWopkKEb+8qpu/1eMKVeXrK0NLw9HicGviJzhJDEyfxTR9e1WtpnnbYkJWurX6WwoFP0sz10xQg8yL8lgskAZg==, registry: http://registry.npm.taobao.org/, tarball: https://registry.npmmirror.com/@vue/reactivity-transform/-/reactivity-transform-3.2.37.tgz}
    name: '@vue/reactivity-transform'
    version: 3.2.37
    dependencies:
      '@babel/parser': registry.npmmirror.com/@babel/parser/7.18.4
      '@vue/compiler-core': registry.npmmirror.com/@vue/compiler-core/3.2.37
      '@vue/shared': registry.npmmirror.com/@vue/shared/3.2.37
      estree-walker: registry.npmmirror.com/estree-walker/2.0.2
      magic-string: registry.npmmirror.com/magic-string/0.25.9

  registry.npmmirror.com/@vue/reactivity/3.2.37:
    resolution: {integrity: sha512-/7WRafBOshOc6m3F7plwzPeCu/RCVv9uMpOwa/5PiY1Zz+WLVRWiy0MYKwmg19KBdGtFWsmZ4cD+LOdVPcs52A==, registry: http://registry.npm.taobao.org/, tarball: https://registry.npmmirror.com/@vue/reactivity/-/reactivity-3.2.37.tgz}
    name: '@vue/reactivity'
    version: 3.2.37
    dependencies:
      '@vue/shared': registry.npmmirror.com/@vue/shared/3.2.37

  registry.npmmirror.com/@vue/runtime-core/3.2.37:
    resolution: {integrity: sha512-JPcd9kFyEdXLl/i0ClS7lwgcs0QpUAWj+SKX2ZC3ANKi1U4DOtiEr6cRqFXsPwY5u1L9fAjkinIdB8Rz3FoYNQ==, registry: http://registry.npm.taobao.org/, tarball: https://registry.npmmirror.com/@vue/runtime-core/-/runtime-core-3.2.37.tgz}
    name: '@vue/runtime-core'
    version: 3.2.37
    dependencies:
      '@vue/reactivity': registry.npmmirror.com/@vue/reactivity/3.2.37
      '@vue/shared': registry.npmmirror.com/@vue/shared/3.2.37
    dev: false

  registry.npmmirror.com/@vue/runtime-dom/3.2.37:
    resolution: {integrity: sha512-HimKdh9BepShW6YozwRKAYjYQWg9mQn63RGEiSswMbW+ssIht1MILYlVGkAGGQbkhSh31PCdoUcfiu4apXJoPw==, registry: http://registry.npm.taobao.org/, tarball: https://registry.npmmirror.com/@vue/runtime-dom/-/runtime-dom-3.2.37.tgz}
    name: '@vue/runtime-dom'
    version: 3.2.37
    dependencies:
      '@vue/runtime-core': registry.npmmirror.com/@vue/runtime-core/3.2.37
      '@vue/shared': registry.npmmirror.com/@vue/shared/3.2.37
      csstype: registry.npmmirror.com/csstype/2.6.20
    dev: false

  registry.npmmirror.com/@vue/server-renderer/3.2.37_vue@3.2.37:
    resolution: {integrity: sha512-kLITEJvaYgZQ2h47hIzPh2K3jG8c1zCVbp/o/bzQOyvzaKiCquKS7AaioPI28GNxIsE/zSx+EwWYsNxDCX95MA==, registry: http://registry.npm.taobao.org/, tarball: https://registry.npmmirror.com/@vue/server-renderer/-/server-renderer-3.2.37.tgz}
    id: registry.npmmirror.com/@vue/server-renderer/3.2.37
    name: '@vue/server-renderer'
    version: 3.2.37
    peerDependencies:
      vue: 3.2.37
    dependencies:
      '@vue/compiler-ssr': registry.npmmirror.com/@vue/compiler-ssr/3.2.37
      '@vue/shared': registry.npmmirror.com/@vue/shared/3.2.37
      vue: registry.npmmirror.com/vue/3.2.37
    dev: false

  registry.npmmirror.com/@vue/shared/3.2.37:
    resolution: {integrity: sha512-4rSJemR2NQIo9Klm1vabqWjD8rs/ZaJSzMxkMNeJS6lHiUjjUeYFbooN19NgFjztubEKh3WlZUeOLVdbbUWHsw==, registry: http://registry.npm.taobao.org/, tarball: https://registry.npmmirror.com/@vue/shared/-/shared-3.2.37.tgz}
    name: '@vue/shared'
    version: 3.2.37

  registry.npmmirror.com/csstype/2.6.20:
    resolution: {integrity: sha512-/WwNkdXfckNgw6S5R125rrW8ez139lBHWouiBvX8dfMFtcn6V81REDqnH7+CRpRipfYlyU1CmOnOxrmGcFOjeA==, registry: http://registry.npm.taobao.org/, tarball: https://registry.npmmirror.com/csstype/-/csstype-2.6.20.tgz}
    name: csstype
    version: 2.6.20
    dev: false

  registry.npmmirror.com/esbuild-android-64/0.14.43:
    resolution: {integrity: sha512-kqFXAS72K6cNrB6RiM7YJ5lNvmWRDSlpi7ZuRZ1hu1S3w0zlwcoCxWAyM23LQUyZSs1PbjHgdbbfYAN8IGh6xg==, registry: http://registry.npm.taobao.org/, tarball: https://registry.npmmirror.com/esbuild-android-64/-/esbuild-android-64-0.14.43.tgz}
    name: esbuild-android-64
    version: 0.14.43
    engines: {node: '>=12'}
    cpu: [x64]
    os: [android]
    requiresBuild: true
    dev: true
    optional: true

  registry.npmmirror.com/esbuild-android-arm64/0.14.43:
    resolution: {integrity: sha512-bKS2BBFh+7XZY9rpjiHGRNA7LvWYbZWP87pLehggTG7tTaCDvj8qQGOU/OZSjCSKDYbgY7Q+oDw8RlYQ2Jt2BA==, registry: http://registry.npm.taobao.org/, tarball: https://registry.npmmirror.com/esbuild-android-arm64/-/esbuild-android-arm64-0.14.43.tgz}
    name: esbuild-android-arm64
    version: 0.14.43
    engines: {node: '>=12'}
    cpu: [arm64]
    os: [android]
    requiresBuild: true
    dev: true
    optional: true

  registry.npmmirror.com/esbuild-darwin-64/0.14.43:
    resolution: {integrity: sha512-/3PSilx011ttoieRGkSZ0XV8zjBf2C9enV4ScMMbCT4dpx0mFhMOpFnCHkOK0pWGB8LklykFyHrWk2z6DENVUg==, registry: http://registry.npm.taobao.org/, tarball: https://registry.npmmirror.com/esbuild-darwin-64/-/esbuild-darwin-64-0.14.43.tgz}
    name: esbuild-darwin-64
    version: 0.14.43
    engines: {node: '>=12'}
    cpu: [x64]
    os: [darwin]
    requiresBuild: true
    dev: true
    optional: true

  registry.npmmirror.com/esbuild-darwin-arm64/0.14.43:
    resolution: {integrity: sha512-1HyFUKs8DMCBOvw1Qxpr5Vv/ThNcVIFb5xgXWK3pyT40WPvgYIiRTwJCvNs4l8i5qWF8/CK5bQxJVDjQvtv0Yw==, registry: http://registry.npm.taobao.org/, tarball: https://registry.npmmirror.com/esbuild-darwin-arm64/-/esbuild-darwin-arm64-0.14.43.tgz}
    name: esbuild-darwin-arm64
    version: 0.14.43
    engines: {node: '>=12'}
    cpu: [arm64]
    os: [darwin]
    requiresBuild: true
    dev: true
    optional: true

  registry.npmmirror.com/esbuild-freebsd-64/0.14.43:
    resolution: {integrity: sha512-FNWc05TPHYgaXjbPZO5/rJKSBslfG6BeMSs8GhwnqAKP56eEhvmzwnIz1QcC9cRVyO+IKqWNfmHFkCa1WJTULA==, registry: http://registry.npm.taobao.org/, tarball: https://registry.npmmirror.com/esbuild-freebsd-64/-/esbuild-freebsd-64-0.14.43.tgz}
    name: esbuild-freebsd-64
    version: 0.14.43
    engines: {node: '>=12'}
    cpu: [x64]
    os: [freebsd]
    requiresBuild: true
    dev: true
    optional: true

  registry.npmmirror.com/esbuild-freebsd-arm64/0.14.43:
    resolution: {integrity: sha512-amrYopclz3VohqisOPR6hA3GOWA3LZC1WDLnp21RhNmoERmJ/vLnOpnrG2P/Zao+/erKTCUqmrCIPVtj58DRoA==, registry: http://registry.npm.taobao.org/, tarball: https://registry.npmmirror.com/esbuild-freebsd-arm64/-/esbuild-freebsd-arm64-0.14.43.tgz}
    name: esbuild-freebsd-arm64
    version: 0.14.43
    engines: {node: '>=12'}
    cpu: [arm64]
    os: [freebsd]
    requiresBuild: true
    dev: true
    optional: true

  registry.npmmirror.com/esbuild-linux-32/0.14.43:
    resolution: {integrity: sha512-KoxoEra+9O3AKVvgDFvDkiuddCds6q71owSQEYwjtqRV7RwbPzKxJa6+uyzUulHcyGVq0g15K0oKG5CFBcvYDw==, registry: http://registry.npm.taobao.org/, tarball: https://registry.npmmirror.com/esbuild-linux-32/-/esbuild-linux-32-0.14.43.tgz}
    name: esbuild-linux-32
    version: 0.14.43
    engines: {node: '>=12'}
    cpu: [ia32]
    os: [linux]
    requiresBuild: true
    dev: true
    optional: true

  registry.npmmirror.com/esbuild-linux-64/0.14.43:
    resolution: {integrity: sha512-EwINwGMyiJMgBby5/SbMqKcUhS5AYAZ2CpEBzSowsJPNBJEdhkCTtEjk757TN/wxgbu3QklqDM6KghY660QCUw==, registry: http://registry.npm.taobao.org/, tarball: https://registry.npmmirror.com/esbuild-linux-64/-/esbuild-linux-64-0.14.43.tgz}
    name: esbuild-linux-64
    version: 0.14.43
    engines: {node: '>=12'}
    cpu: [x64]
    os: [linux]
    requiresBuild: true
    dev: true
    optional: true

  registry.npmmirror.com/esbuild-linux-arm/0.14.43:
    resolution: {integrity: sha512-e6YzQUoDxxtyamuF12eVzzRC7bbEFSZohJ6igQB9tBqnNmIQY3fI6Cns3z2wxtbZ3f2o6idkD2fQnlvs2902Dg==, registry: http://registry.npm.taobao.org/, tarball: https://registry.npmmirror.com/esbuild-linux-arm/-/esbuild-linux-arm-0.14.43.tgz}
    name: esbuild-linux-arm
    version: 0.14.43
    engines: {node: '>=12'}
    cpu: [arm]
    os: [linux]
    requiresBuild: true
    dev: true
    optional: true

  registry.npmmirror.com/esbuild-linux-arm64/0.14.43:
    resolution: {integrity: sha512-UlSpjMWllAc70zYbHxWuDS3FJytyuR/gHJYBr8BICcTNb/TSOYVBg6U7b3jZ3mILTrgzwJUHwhEwK18FZDouUQ==, registry: http://registry.npm.taobao.org/, tarball: https://registry.npmmirror.com/esbuild-linux-arm64/-/esbuild-linux-arm64-0.14.43.tgz}
    name: esbuild-linux-arm64
    version: 0.14.43
    engines: {node: '>=12'}
    cpu: [arm64]
    os: [linux]
    requiresBuild: true
    dev: true
    optional: true

  registry.npmmirror.com/esbuild-linux-mips64le/0.14.43:
    resolution: {integrity: sha512-f+v8cInPEL1/SDP//CfSYzcDNgE4CY3xgDV81DWm3KAPWzhvxARrKxB1Pstf5mB56yAslJDxu7ryBUPX207EZA==, registry: http://registry.npm.taobao.org/, tarball: https://registry.npmmirror.com/esbuild-linux-mips64le/-/esbuild-linux-mips64le-0.14.43.tgz}
    name: esbuild-linux-mips64le
    version: 0.14.43
    engines: {node: '>=12'}
    cpu: [mips64el]
    os: [linux]
    requiresBuild: true
    dev: true
    optional: true

  registry.npmmirror.com/esbuild-linux-ppc64le/0.14.43:
    resolution: {integrity: sha512-5wZYMDGAL/K2pqkdIsW+I4IR41kyfHr/QshJcNpUfK3RjB3VQcPWOaZmc+74rm4ZjVirYrtz+jWw0SgxtxRanA==, registry: http://registry.npm.taobao.org/, tarball: https://registry.npmmirror.com/esbuild-linux-ppc64le/-/esbuild-linux-ppc64le-0.14.43.tgz}
    name: esbuild-linux-ppc64le
    version: 0.14.43
    engines: {node: '>=12'}
    cpu: [ppc64]
    os: [linux]
    requiresBuild: true
    dev: true
    optional: true

  registry.npmmirror.com/esbuild-linux-riscv64/0.14.43:
    resolution: {integrity: sha512-lYcAOUxp85hC7lSjycJUVSmj4/9oEfSyXjb/ua9bNl8afonaduuqtw7hvKMoKuYnVwOCDw4RSfKpcnIRDWq+Bw==, registry: http://registry.npm.taobao.org/, tarball: https://registry.npmmirror.com/esbuild-linux-riscv64/-/esbuild-linux-riscv64-0.14.43.tgz}
    name: esbuild-linux-riscv64
    version: 0.14.43
    engines: {node: '>=12'}
    cpu: [riscv64]
    os: [linux]
    requiresBuild: true
    dev: true
    optional: true

  registry.npmmirror.com/esbuild-linux-s390x/0.14.43:
    resolution: {integrity: sha512-27e43ZhHvhFE4nM7HqtUbMRu37I/4eNSUbb8FGZWszV+uLzMIsHDwLoBiJmw7G9N+hrehNPeQ4F5Ujad0DrUKQ==, registry: http://registry.npm.taobao.org/, tarball: https://registry.npmmirror.com/esbuild-linux-s390x/-/esbuild-linux-s390x-0.14.43.tgz}
    name: esbuild-linux-s390x
    version: 0.14.43
    engines: {node: '>=12'}
    cpu: [s390x]
    os: [linux]
    requiresBuild: true
    dev: true
    optional: true

  registry.npmmirror.com/esbuild-netbsd-64/0.14.43:
    resolution: {integrity: sha512-2mH4QF6hHBn5zzAfxEI/2eBC0mspVsZ6UVo821LpAJKMvLJPBk3XJO5xwg7paDqSqpl7p6IRrAenW999AEfJhQ==, registry: http://registry.npm.taobao.org/, tarball: https://registry.npmmirror.com/esbuild-netbsd-64/-/esbuild-netbsd-64-0.14.43.tgz}
    name: esbuild-netbsd-64
    version: 0.14.43
    engines: {node: '>=12'}
    cpu: [x64]
    os: [netbsd]
    requiresBuild: true
    dev: true
    optional: true

  registry.npmmirror.com/esbuild-openbsd-64/0.14.43:
    resolution: {integrity: sha512-ZhQpiZjvqCqO8jKdGp9+8k9E/EHSA+zIWOg+grwZasI9RoblqJ1QiZqqi7jfd6ZrrG1UFBNGe4m0NFxCFbMVbg==, registry: http://registry.npm.taobao.org/, tarball: https://registry.npmmirror.com/esbuild-openbsd-64/-/esbuild-openbsd-64-0.14.43.tgz}
    name: esbuild-openbsd-64
    version: 0.14.43
    engines: {node: '>=12'}
    cpu: [x64]
    os: [openbsd]
    requiresBuild: true
    dev: true
    optional: true

  registry.npmmirror.com/esbuild-sunos-64/0.14.43:
    resolution: {integrity: sha512-DgxSi9DaHReL9gYuul2rrQCAapgnCJkh3LSHPKsY26zytYppG0HgkgVF80zjIlvEsUbGBP/GHQzBtrezj/Zq1Q==, registry: http://registry.npm.taobao.org/, tarball: https://registry.npmmirror.com/esbuild-sunos-64/-/esbuild-sunos-64-0.14.43.tgz}
    name: esbuild-sunos-64
    version: 0.14.43
    engines: {node: '>=12'}
    cpu: [x64]
    os: [sunos]
    requiresBuild: true
    dev: true
    optional: true

  registry.npmmirror.com/esbuild-windows-32/0.14.43:
    resolution: {integrity: sha512-Ih3+2O5oExiqm0mY6YYE5dR0o8+AspccQ3vIAtRodwFvhuyGLjb0Hbmzun/F3Lw19nuhPMu3sW2fqIJ5xBxByw==, registry: http://registry.npm.taobao.org/, tarball: https://registry.npmmirror.com/esbuild-windows-32/-/esbuild-windows-32-0.14.43.tgz}
    name: esbuild-windows-32
    version: 0.14.43
    engines: {node: '>=12'}
    cpu: [ia32]
    os: [win32]
    requiresBuild: true
    dev: true
    optional: true

  registry.npmmirror.com/esbuild-windows-64/0.14.43:
    resolution: {integrity: sha512-8NsuNfI8xwFuJbrCuI+aBqNTYkrWErejFO5aYM+yHqyHuL8mmepLS9EPzAzk8rvfaJrhN0+RvKWAcymViHOKEw==, registry: http://registry.npm.taobao.org/, tarball: https://registry.npmmirror.com/esbuild-windows-64/-/esbuild-windows-64-0.14.43.tgz}
    name: esbuild-windows-64
    version: 0.14.43
    engines: {node: '>=12'}
    cpu: [x64]
    os: [win32]
    requiresBuild: true
    dev: true
    optional: true

  registry.npmmirror.com/esbuild-windows-arm64/0.14.43:
    resolution: {integrity: sha512-7ZlD7bo++kVRblJEoG+cepljkfP8bfuTPz5fIXzptwnPaFwGS6ahvfoYzY7WCf5v/1nX2X02HDraVItTgbHnKw==, registry: http://registry.npm.taobao.org/, tarball: https://registry.npmmirror.com/esbuild-windows-arm64/-/esbuild-windows-arm64-0.14.43.tgz}
    name: esbuild-windows-arm64
    version: 0.14.43
    engines: {node: '>=12'}
    cpu: [arm64]
    os: [win32]
    requiresBuild: true
    dev: true
    optional: true

  registry.npmmirror.com/esbuild/0.14.43:
    resolution: {integrity: sha512-Uf94+kQmy/5jsFwKWiQB4hfo/RkM9Dh7b79p8yqd1tshULdr25G2szLz631NoH3s2ujnKEKVD16RmOxvCNKRFA==, registry: http://registry.npm.taobao.org/, tarball: https://registry.npmmirror.com/esbuild/-/esbuild-0.14.43.tgz}
    name: esbuild
    version: 0.14.43
    engines: {node: '>=12'}
    hasBin: true
    requiresBuild: true
    optionalDependencies:
      esbuild-android-64: registry.npmmirror.com/esbuild-android-64/0.14.43
      esbuild-android-arm64: registry.npmmirror.com/esbuild-android-arm64/0.14.43
      esbuild-darwin-64: registry.npmmirror.com/esbuild-darwin-64/0.14.43
      esbuild-darwin-arm64: registry.npmmirror.com/esbuild-darwin-arm64/0.14.43
      esbuild-freebsd-64: registry.npmmirror.com/esbuild-freebsd-64/0.14.43
      esbuild-freebsd-arm64: registry.npmmirror.com/esbuild-freebsd-arm64/0.14.43
      esbuild-linux-32: registry.npmmirror.com/esbuild-linux-32/0.14.43
      esbuild-linux-64: registry.npmmirror.com/esbuild-linux-64/0.14.43
      esbuild-linux-arm: registry.npmmirror.com/esbuild-linux-arm/0.14.43
      esbuild-linux-arm64: registry.npmmirror.com/esbuild-linux-arm64/0.14.43
      esbuild-linux-mips64le: registry.npmmirror.com/esbuild-linux-mips64le/0.14.43
      esbuild-linux-ppc64le: registry.npmmirror.com/esbuild-linux-ppc64le/0.14.43
      esbuild-linux-riscv64: registry.npmmirror.com/esbuild-linux-riscv64/0.14.43
      esbuild-linux-s390x: registry.npmmirror.com/esbuild-linux-s390x/0.14.43
      esbuild-netbsd-64: registry.npmmirror.com/esbuild-netbsd-64/0.14.43
      esbuild-openbsd-64: registry.npmmirror.com/esbuild-openbsd-64/0.14.43
      esbuild-sunos-64: registry.npmmirror.com/esbuild-sunos-64/0.14.43
      esbuild-windows-32: registry.npmmirror.com/esbuild-windows-32/0.14.43
      esbuild-windows-64: registry.npmmirror.com/esbuild-windows-64/0.14.43
      esbuild-windows-arm64: registry.npmmirror.com/esbuild-windows-arm64/0.14.43
    dev: true

  registry.npmmirror.com/estree-walker/2.0.2:
    resolution: {integrity: sha512-Rfkk/Mp/DL7JVje3u18FxFujQlTNR2q6QfMSMB7AvCBx91NGj/ba3kCfza0f6dVDbw7YlRf/nDrn7pQrCCyQ/w==, registry: http://registry.npm.taobao.org/, tarball: https://registry.npmmirror.com/estree-walker/-/estree-walker-2.0.2.tgz}
    name: estree-walker
    version: 2.0.2

  registry.npmmirror.com/fsevents/2.3.2:
    resolution: {integrity: sha512-xiqMQR4xAeHTuB9uWm+fFRcIOgKBMiOBP+eXiyT7jsgVCq1bkVygt00oASowB7EdtpOHaaPgKt812P9ab+DDKA==, registry: http://registry.npm.taobao.org/, tarball: https://registry.npmmirror.com/fsevents/-/fsevents-2.3.2.tgz}
    name: fsevents
    version: 2.3.2
    engines: {node: ^8.16.0 || ^10.6.0 || >=11.0.0}
    os: [darwin]
    requiresBuild: true
    dev: true
    optional: true

  registry.npmmirror.com/function-bind/1.1.1:
    resolution: {integrity: sha512-yIovAzMX49sF8Yl58fSCWJ5svSLuaibPxXQJFLmBObTuCr0Mf1KiPopGM9NiFjiYBCbfaa2Fh6breQ6ANVTI0A==, registry: http://registry.npm.taobao.org/, tarball: https://registry.npmmirror.com/function-bind/-/function-bind-1.1.1.tgz}
    name: function-bind
    version: 1.1.1
    dev: true

  registry.npmmirror.com/has/1.0.3:
    resolution: {integrity: sha512-f2dvO0VU6Oej7RkWJGrehjbzMAjFp5/VKPp5tTpWIV4JHHZK1/BxbFRtf/siA2SWTe09caDmVtYYzWEIbBS4zw==, registry: http://registry.npm.taobao.org/, tarball: https://registry.npmmirror.com/has/-/has-1.0.3.tgz}
    name: has
    version: 1.0.3
    engines: {node: '>= 0.4.0'}
    dependencies:
      function-bind: registry.npmmirror.com/function-bind/1.1.1
    dev: true

  registry.npmmirror.com/is-core-module/2.9.0:
    resolution: {integrity: sha512-+5FPy5PnwmO3lvfMb0AsoPaBG+5KHUI0wYFXOtYPnVVVspTFUuMZNfNaNVRt3FZadstu2c8x23vykRW/NBoU6A==, registry: http://registry.npm.taobao.org/, tarball: https://registry.npmmirror.com/is-core-module/-/is-core-module-2.9.0.tgz}
    name: is-core-module
    version: 2.9.0
    dependencies:
      has: registry.npmmirror.com/has/1.0.3
    dev: true

  registry.npmmirror.com/magic-string/0.25.9:
    resolution: {integrity: sha512-RmF0AsMzgt25qzqqLc1+MbHmhdx0ojF2Fvs4XnOqz2ZOBXzzkEwc/dJQZCYHAn7v1jbVOjAZfK8msRn4BxO4VQ==, registry: http://registry.npm.taobao.org/, tarball: https://registry.npmmirror.com/magic-string/-/magic-string-0.25.9.tgz}
    name: magic-string
    version: 0.25.9
    dependencies:
      sourcemap-codec: registry.npmmirror.com/sourcemap-codec/1.4.8

  registry.npmmirror.com/nanoid/3.3.4:
    resolution: {integrity: sha512-MqBkQh/OHTS2egovRtLk45wEyNXwF+cokD+1YPf9u5VfJiRdAiRwB2froX5Co9Rh20xs4siNPm8naNotSD6RBw==, registry: http://registry.npm.taobao.org/, tarball: https://registry.npmmirror.com/nanoid/-/nanoid-3.3.4.tgz}
    name: nanoid
    version: 3.3.4
    engines: {node: ^10 || ^12 || ^13.7 || ^14 || >=15.0.1}
    hasBin: true

  registry.npmmirror.com/path-parse/1.0.7:
    resolution: {integrity: sha512-LDJzPVEEEPR+y48z93A0Ed0yXb8pAByGWo/k5YYdYgpY2/2EsOsksJrq7lOHxryrVOn1ejG6oAp8ahvOIQD8sw==, registry: http://registry.npm.taobao.org/, tarball: https://registry.npmmirror.com/path-parse/-/path-parse-1.0.7.tgz}
    name: path-parse
    version: 1.0.7
    dev: true

  registry.npmmirror.com/picocolors/1.0.0:
    resolution: {integrity: sha512-1fygroTLlHu66zi26VoTDv8yRgm0Fccecssto+MhsZ0D/DGW2sm8E8AjW7NU5VVTRt5GxbeZ5qBuJr+HyLYkjQ==, registry: http://registry.npm.taobao.org/, tarball: https://registry.npmmirror.com/picocolors/-/picocolors-1.0.0.tgz}
    name: picocolors
    version: 1.0.0

  registry.npmmirror.com/postcss/8.4.14:
    resolution: {integrity: sha512-E398TUmfAYFPBSdzgeieK2Y1+1cpdxJx8yXbK/m57nRhKSmk1GB2tO4lbLBtlkfPQTDKfe4Xqv1ASWPpayPEig==, registry: http://registry.npm.taobao.org/, tarball: https://registry.npmmirror.com/postcss/-/postcss-8.4.14.tgz}
    name: postcss
    version: 8.4.14
    engines: {node: ^10 || ^12 || >=14}
    dependencies:
      nanoid: registry.npmmirror.com/nanoid/3.3.4
      picocolors: registry.npmmirror.com/picocolors/1.0.0
      source-map-js: registry.npmmirror.com/source-map-js/1.0.2

  registry.npmmirror.com/resolve/1.22.0:
    resolution: {integrity: sha512-Hhtrw0nLeSrFQ7phPp4OOcVjLPIeMnRlr5mcnVuMe7M/7eBn98A3hmFRLoFo3DLZkivSYwhRUJTyPyWAk56WLw==, registry: http://registry.npm.taobao.org/, tarball: https://registry.npmmirror.com/resolve/-/resolve-1.22.0.tgz}
    name: resolve
    version: 1.22.0
    hasBin: true
    dependencies:
      is-core-module: registry.npmmirror.com/is-core-module/2.9.0
      path-parse: registry.npmmirror.com/path-parse/1.0.7
      supports-preserve-symlinks-flag: registry.npmmirror.com/supports-preserve-symlinks-flag/1.0.0
    dev: true

  registry.npmmirror.com/rollup/2.75.6:
    resolution: {integrity: sha512-OEf0TgpC9vU6WGROJIk1JA3LR5vk/yvqlzxqdrE2CzzXnqKXNzbAwlWUXis8RS3ZPe7LAq+YUxsRa0l3r27MLA==, registry: http://registry.npm.taobao.org/, tarball: https://registry.npmmirror.com/rollup/-/rollup-2.75.6.tgz}
    name: rollup
    version: 2.75.6
    engines: {node: '>=10.0.0'}
    hasBin: true
    optionalDependencies:
      fsevents: registry.npmmirror.com/fsevents/2.3.2
    dev: true

  registry.npmmirror.com/source-map-js/1.0.2:
    resolution: {integrity: sha512-R0XvVJ9WusLiqTCEiGCmICCMplcCkIwwR11mOSD9CR5u+IXYdiseeEuXCVAjS54zqwkLcPNnmU4OeJ6tUrWhDw==, registry: http://registry.npm.taobao.org/, tarball: https://registry.npmmirror.com/source-map-js/-/source-map-js-1.0.2.tgz}
    name: source-map-js
    version: 1.0.2
    engines: {node: '>=0.10.0'}

  registry.npmmirror.com/source-map/0.6.1:
    resolution: {integrity: sha512-UjgapumWlbMhkBgzT7Ykc5YXUT46F0iKu8SGXq0bcwP5dz/h0Plj6enJqjz1Zbq2l5WaqYnrVbwWOWMyF3F47g==, registry: http://registry.npm.taobao.org/, tarball: https://registry.npmmirror.com/source-map/-/source-map-0.6.1.tgz}
    name: source-map
    version: 0.6.1
    engines: {node: '>=0.10.0'}

  registry.npmmirror.com/sourcemap-codec/1.4.8:
    resolution: {integrity: sha512-9NykojV5Uih4lgo5So5dtw+f0JgJX30KCNI8gwhz2J9A15wD0Ml6tjHKwf6fTSa6fAdVBdZeNOs9eJ71qCk8vA==, registry: http://registry.npm.taobao.org/, tarball: https://registry.npmmirror.com/sourcemap-codec/-/sourcemap-codec-1.4.8.tgz}
    name: sourcemap-codec
    version: 1.4.8

  registry.npmmirror.com/supports-preserve-symlinks-flag/1.0.0:
    resolution: {integrity: sha512-ot0WnXS9fgdkgIcePe6RHNk1WA8+muPa6cSjeR3V8K27q9BB1rTE3R1p7Hv0z1ZyAc8s6Vvv8DIyWf681MAt0w==, registry: http://registry.npm.taobao.org/, tarball: https://registry.npmmirror.com/supports-preserve-symlinks-flag/-/supports-preserve-symlinks-flag-1.0.0.tgz}
    name: supports-preserve-symlinks-flag
    version: 1.0.0
    engines: {node: '>= 0.4'}
    dev: true

  registry.npmmirror.com/typescript/4.7.3:
    resolution: {integrity: sha512-WOkT3XYvrpXx4vMMqlD+8R8R37fZkjyLGlxavMc4iB8lrl8L0DeTcHbYgw/v0N/z9wAFsgBhcsF0ruoySS22mA==, registry: http://registry.npm.taobao.org/, tarball: https://registry.npmmirror.com/typescript/-/typescript-4.7.3.tgz}
    name: typescript
    version: 4.7.3
    engines: {node: '>=4.2.0'}
    hasBin: true
    dev: true

  registry.npmmirror.com/vite/2.9.11:
    resolution: {integrity: sha512-h1n8bAN5Psv/V+RAY3P6OtYyGSFQdusgYWiLRAk41qY7rSyH4K5Jq+RUXztzyPVB0oHbnXPUuS2Aj44jucViUA==, registry: http://registry.npm.taobao.org/, tarball: https://registry.npmmirror.com/vite/-/vite-2.9.11.tgz}
    name: vite
    version: 2.9.11
    engines: {node: '>=12.2.0'}
    hasBin: true
    peerDependencies:
      less: '*'
      sass: '*'
      stylus: '*'
    peerDependenciesMeta:
      less:
        optional: true
      sass:
        optional: true
      stylus:
        optional: true
    dependencies:
      esbuild: registry.npmmirror.com/esbuild/0.14.43
      postcss: registry.npmmirror.com/postcss/8.4.14
      resolve: registry.npmmirror.com/resolve/1.22.0
      rollup: registry.npmmirror.com/rollup/2.75.6
    optionalDependencies:
      fsevents: registry.npmmirror.com/fsevents/2.3.2
    dev: true

  registry.npmmirror.com/vue-tsc/0.34.17_typescript@4.7.3:
    resolution: {integrity: sha512-jzUXky44ZLHC4daaJag7FQr3idlPYN719/K1eObGljz5KaS2UnVGTU/XSYCd7d6ampYYg4OsyalbHyJIxV0aEQ==, registry: http://registry.npm.taobao.org/, tarball: https://registry.npmmirror.com/vue-tsc/-/vue-tsc-0.34.17.tgz}
    id: registry.npmmirror.com/vue-tsc/0.34.17
    name: vue-tsc
    version: 0.34.17
    hasBin: true
    peerDependencies:
      typescript: '*'
    dependencies:
      '@volar/vue-typescript': registry.npmmirror.com/@volar/vue-typescript/0.34.17
      typescript: registry.npmmirror.com/typescript/4.7.3
    dev: true

  registry.npmmirror.com/vue/3.2.37:
    resolution: {integrity: sha512-bOKEZxrm8Eh+fveCqS1/NkG/n6aMidsI6hahas7pa0w/l7jkbssJVsRhVDs07IdDq7h9KHswZOgItnwJAgtVtQ==, registry: http://registry.npm.taobao.org/, tarball: https://registry.npmmirror.com/vue/-/vue-3.2.37.tgz}
    name: vue
    version: 3.2.37
    dependencies:
      '@vue/compiler-dom': registry.npmmirror.com/@vue/compiler-dom/3.2.37
      '@vue/compiler-sfc': registry.npmmirror.com/@vue/compiler-sfc/3.2.37
      '@vue/runtime-dom': registry.npmmirror.com/@vue/runtime-dom/3.2.37
      '@vue/server-renderer': registry.npmmirror.com/@vue/server-renderer/3.2.37_vue@3.2.37
      '@vue/shared': registry.npmmirror.com/@vue/shared/3.2.37
    dev: false
